// !$*UTF8*$!
{
	archiveVersion = 1;
	classes = {
	};
	objectVersion = 56;
	objects = {

/* Begin PBXBuildFile section */
		30252C242B33234D00AFEE4A /* AppDelegate.swift in Sources */ = {isa = PBXBuildFile; fileRef = 30252C232B33234D00AFEE4A /* AppDelegate.swift */; };
		30252C262B33234D00AFEE4A /* SceneDelegate.swift in Sources */ = {isa = PBXBuildFile; fileRef = 30252C252B33234D00AFEE4A /* SceneDelegate.swift */; };
		30252C282B33234D00AFEE4A /* ViewController.swift in Sources */ = {isa = PBXBuildFile; fileRef = 30252C272B33234D00AFEE4A /* ViewController.swift */; };
		30252C2B2B33234D00AFEE4A /* Main.storyboard in Resources */ = {isa = PBXBuildFile; fileRef = 30252C292B33234D00AFEE4A /* Main.storyboard */; };
		30252C2D2B33234E00AFEE4A /* Assets.xcassets in Resources */ = {isa = PBXBuildFile; fileRef = 30252C2C2B33234E00AFEE4A /* Assets.xcassets */; };
		30252C302B33234E00AFEE4A /* LaunchScreen.storyboard in Resources */ = {isa = PBXBuildFile; fileRef = 30252C2E2B33234E00AFEE4A /* LaunchScreen.storyboard */; };
		30252C3A2B3334BD00AFEE4A /* LoginChooseViewController.swift in Sources */ = {isa = PBXBuildFile; fileRef = 30252C392B3334BD00AFEE4A /* LoginChooseViewController.swift */; };
		30252C3C2B3497B900AFEE4A /* LoginViewController.swift in Sources */ = {isa = PBXBuildFile; fileRef = 30252C3B2B3497B900AFEE4A /* LoginViewController.swift */; };
		30252C402B34B07A00AFEE4A /* RegisterViewController.swift in Sources */ = {isa = PBXBuildFile; fileRef = 30252C3F2B34B07A00AFEE4A /* RegisterViewController.swift */; };
		30252C422B35EE0000AFEE4A /* CompanySearchViewController.swift in Sources */ = {isa = PBXBuildFile; fileRef = 30252C412B35EE0000AFEE4A /* CompanySearchViewController.swift */; };
		30B78F272B38474500168557 /* DetailPageViewController.swift in Sources */ = {isa = PBXBuildFile; fileRef = 30B78F262B38474500168557 /* DetailPageViewController.swift */; };
		30B78F292B38666400168557 /* UserDetailViewController.swift in Sources */ = {isa = PBXBuildFile; fileRef = 30B78F282B38666400168557 /* UserDetailViewController.swift */; };
/* End PBXBuildFile section */

/* Begin PBXFileReference section */
		30252C202B33234D00AFEE4A /* iosApp-project.app */ = {isa = PBXFileReference; explicitFileType = wrapper.application; includeInIndex = 0; path = "iosApp-project.app"; sourceTree = BUILT_PRODUCTS_DIR; };
		30252C232B33234D00AFEE4A /* AppDelegate.swift */ = {isa = PBXFileReference; lastKnownFileType = sourcecode.swift; path = AppDelegate.swift; sourceTree = "<group>"; };
		30252C252B33234D00AFEE4A /* SceneDelegate.swift */ = {isa = PBXFileReference; lastKnownFileType = sourcecode.swift; path = SceneDelegate.swift; sourceTree = "<group>"; };
		30252C272B33234D00AFEE4A /* ViewController.swift */ = {isa = PBXFileReference; lastKnownFileType = sourcecode.swift; path = ViewController.swift; sourceTree = "<group>"; };
		30252C2A2B33234D00AFEE4A /* Base */ = {isa = PBXFileReference; lastKnownFileType = file.storyboard; name = Base; path = Base.lproj/Main.storyboard; sourceTree = "<group>"; };
		30252C2C2B33234E00AFEE4A /* Assets.xcassets */ = {isa = PBXFileReference; lastKnownFileType = folder.assetcatalog; path = Assets.xcassets; sourceTree = "<group>"; };
		30252C2F2B33234E00AFEE4A /* Base */ = {isa = PBXFileReference; lastKnownFileType = file.storyboard; name = Base; path = Base.lproj/LaunchScreen.storyboard; sourceTree = "<group>"; };
		30252C312B33234E00AFEE4A /* info.plist */ = {isa = PBXFileReference; lastKnownFileType = text.plist.xml; path = info.plist; sourceTree = "<group>"; };
		30252C392B3334BD00AFEE4A /* LoginChooseViewController.swift */ = {isa = PBXFileReference; lastKnownFileType = sourcecode.swift; path = LoginChooseViewController.swift; sourceTree = "<group>"; };
		30252C3B2B3497B900AFEE4A /* LoginViewController.swift */ = {isa = PBXFileReference; lastKnownFileType = sourcecode.swift; path = LoginViewController.swift; sourceTree = "<group>"; };
		30252C3F2B34B07A00AFEE4A /* RegisterViewController.swift */ = {isa = PBXFileReference; lastKnownFileType = sourcecode.swift; path = RegisterViewController.swift; sourceTree = "<group>"; };
		30252C412B35EE0000AFEE4A /* CompanySearchViewController.swift */ = {isa = PBXFileReference; lastKnownFileType = sourcecode.swift; path = CompanySearchViewController.swift; sourceTree = "<group>"; };
		30B78F262B38474500168557 /* DetailPageViewController.swift */ = {isa = PBXFileReference; lastKnownFileType = sourcecode.swift; path = DetailPageViewController.swift; sourceTree = "<group>"; };
		30B78F282B38666400168557 /* UserDetailViewController.swift */ = {isa = PBXFileReference; lastKnownFileType = sourcecode.swift; path = UserDetailViewController.swift; sourceTree = "<group>"; };
/* End PBXFileReference section */

/* Begin PBXFrameworksBuildPhase section */
		30252C1D2B33234D00AFEE4A /* Frameworks */ = {
			isa = PBXFrameworksBuildPhase;
			buildActionMask = 2147483647;
			files = (
			);
			runOnlyForDeploymentPostprocessing = 0;
		};
/* End PBXFrameworksBuildPhase section */

/* Begin PBXGroup section */
		30252C172B33234D00AFEE4A = {
			isa = PBXGroup;
			children = (
				30252C222B33234D00AFEE4A /* iosApp-project */,
				30252C212B33234D00AFEE4A /* Products */,
			);
			sourceTree = "<group>";
		};
		30252C212B33234D00AFEE4A /* Products */ = {
			isa = PBXGroup;
			children = (
				30252C202B33234D00AFEE4A /* iosApp-project.app */,
			);
			name = Products;
			sourceTree = "<group>";
		};
		30252C222B33234D00AFEE4A /* iosApp-project */ = {
			isa = PBXGroup;
			children = (
				30252C232B33234D00AFEE4A /* AppDelegate.swift */,
				30252C3F2B34B07A00AFEE4A /* RegisterViewController.swift */,
				30252C252B33234D00AFEE4A /* SceneDelegate.swift */,
				30252C272B33234D00AFEE4A /* ViewController.swift */,
				30252C392B3334BD00AFEE4A /* LoginChooseViewController.swift */,
				30252C3B2B3497B900AFEE4A /* LoginViewController.swift */,
				30252C292B33234D00AFEE4A /* Main.storyboard */,
				30B78F282B38666400168557 /* UserDetailViewController.swift */,
				30B78F262B38474500168557 /* DetailPageViewController.swift */,
				30252C412B35EE0000AFEE4A /* CompanySearchViewController.swift */,
				30252C2C2B33234E00AFEE4A /* Assets.xcassets */,
				30252C2E2B33234E00AFEE4A /* LaunchScreen.storyboard */,
				30252C312B33234E00AFEE4A /* info.plist */,
			);
			path = "iosApp-project";
			sourceTree = "<group>";
		};
/* End PBXGroup section */

/* Begin PBXNativeTarget section */
		30252C1F2B33234D00AFEE4A /* iosApp-project */ = {
			isa = PBXNativeTarget;
			buildConfigurationList = 30252C342B33234E00AFEE4A /* Build configuration list for PBXNativeTarget "iosApp-project" */;
			buildPhases = (
				30252C1C2B33234D00AFEE4A /* Sources */,
				30252C1D2B33234D00AFEE4A /* Frameworks */,
				30252C1E2B33234D00AFEE4A /* Resources */,
			);
			buildRules = (
			);
			dependencies = (
			);
			name = "iosApp-project";
			productName = "iosApp-project";
			productReference = 30252C202B33234D00AFEE4A /* iosApp-project.app */;
			productType = "com.apple.product-type.application";
		};
/* End PBXNativeTarget section */

/* Begin PBXProject section */
		30252C182B33234D00AFEE4A /* Project object */ = {
			isa = PBXProject;
			attributes = {
				BuildIndependentTargetsInParallel = 1;
				LastSwiftUpdateCheck = 1420;
				LastUpgradeCheck = 1420;
				TargetAttributes = {
					30252C1F2B33234D00AFEE4A = {
						CreatedOnToolsVersion = 14.2;
					};
				};
			};
			buildConfigurationList = 30252C1B2B33234D00AFEE4A /* Build configuration list for PBXProject "iosApp-project" */;
			compatibilityVersion = "Xcode 14.0";
			developmentRegion = en;
			hasScannedForEncodings = 0;
			knownRegions = (
				en,
				Base,
			);
			mainGroup = 30252C172B33234D00AFEE4A;
			productRefGroup = 30252C212B33234D00AFEE4A /* Products */;
			projectDirPath = "";
			projectRoot = "";
			targets = (
				30252C1F2B33234D00AFEE4A /* iosApp-project */,
			);
		};
/* End PBXProject section */

/* Begin PBXResourcesBuildPhase section */
		30252C1E2B33234D00AFEE4A /* Resources */ = {
			isa = PBXResourcesBuildPhase;
			buildActionMask = 2147483647;
			files = (
				30252C302B33234E00AFEE4A /* LaunchScreen.storyboard in Resources */,
				30252C2D2B33234E00AFEE4A /* Assets.xcassets in Resources */,
				30252C2B2B33234D00AFEE4A /* Main.storyboard in Resources */,
			);
			runOnlyForDeploymentPostprocessing = 0;
		};
/* End PBXResourcesBuildPhase section */

/* Begin PBXSourcesBuildPhase section */
		30252C1C2B33234D00AFEE4A /* Sources */ = {
			isa = PBXSourcesBuildPhase;
			buildActionMask = 2147483647;
			files = (
				30B78F272B38474500168557 /* DetailPageViewController.swift in Sources */,
				30252C422B35EE0000AFEE4A /* CompanySearchViewController.swift in Sources */,
				30B78F292B38666400168557 /* UserDetailViewController.swift in Sources */,
				30252C282B33234D00AFEE4A /* ViewController.swift in Sources */,
				30252C242B33234D00AFEE4A /* AppDelegate.swift in Sources */,
				30252C3A2B3334BD00AFEE4A /* LoginChooseViewController.swift in Sources */,
				30252C402B34B07A00AFEE4A /* RegisterViewController.swift in Sources */,
				30252C3C2B3497B900AFEE4A /* LoginViewController.swift in Sources */,
				30252C262B33234D00AFEE4A /* SceneDelegate.swift in Sources */,
			);
			runOnlyForDeploymentPostprocessing = 0;
		};
/* End PBXSourcesBuildPhase section */

/* Begin PBXVariantGroup section */
		30252C292B33234D00AFEE4A /* Main.storyboard */ = {
			isa = PBXVariantGroup;
			children = (
				30252C2A2B33234D00AFEE4A /* Base */,
			);
			name = Main.storyboard;
			sourceTree = "<group>";
		};
		30252C2E2B33234E00AFEE4A /* LaunchScreen.storyboard */ = {
			isa = PBXVariantGroup;
			children = (
				30252C2F2B33234E00AFEE4A /* Base */,
			);
			name = LaunchScreen.storyboard;
			sourceTree = "<group>";
		};
/* End PBXVariantGroup section */

/* Begin XCBuildConfiguration section */
		30252C322B33234E00AFEE4A /* Debug */ = {
			isa = XCBuildConfiguration;
			buildSettings = {
				ALWAYS_SEARCH_USER_PATHS = NO;
				CLANG_ANALYZER_NONNULL = YES;
				CLANG_ANALYZER_NUMBER_OBJECT_CONVERSION = YES_AGGRESSIVE;
				CLANG_CXX_LANGUAGE_STANDARD = "gnu++20";
				CLANG_ENABLE_MODULES = YES;
				CLANG_ENABLE_OBJC_ARC = YES;
				CLANG_ENABLE_OBJC_WEAK = YES;
				CLANG_WARN_BLOCK_CAPTURE_AUTORELEASING = YES;
				CLANG_WARN_BOOL_CONVERSION = YES;
				CLANG_WARN_COMMA = YES;
				CLANG_WARN_CONSTANT_CONVERSION = YES;
				CLANG_WARN_DEPRECATED_OBJC_IMPLEMENTATIONS = YES;
				CLANG_WARN_DIRECT_OBJC_ISA_USAGE = YES_ERROR;
				CLANG_WARN_DOCUMENTATION_COMMENTS = YES;
				CLANG_WARN_EMPTY_BODY = YES;
				CLANG_WARN_ENUM_CONVERSION = YES;
				CLANG_WARN_INFINITE_RECURSION = YES;
				CLANG_WARN_INT_CONVERSION = YES;
				CLANG_WARN_NON_LITERAL_NULL_CONVERSION = YES;
				CLANG_WARN_OBJC_IMPLICIT_RETAIN_SELF = YES;
				CLANG_WARN_OBJC_LITERAL_CONVERSION = YES;
				CLANG_WARN_OBJC_ROOT_CLASS = YES_ERROR;
				CLANG_WARN_QUOTED_INCLUDE_IN_FRAMEWORK_HEADER = YES;
				CLANG_WARN_RANGE_LOOP_ANALYSIS = YES;
				CLANG_WARN_STRICT_PROTOTYPES = YES;
				CLANG_WARN_SUSPICIOUS_MOVE = YES;
				CLANG_WARN_UNGUARDED_AVAILABILITY = YES_AGGRESSIVE;
				CLANG_WARN_UNREACHABLE_CODE = YES;
				CLANG_WARN__DUPLICATE_METHOD_MATCH = YES;
				COPY_PHASE_STRIP = NO;
				DEBUG_INFORMATION_FORMAT = dwarf;
				ENABLE_STRICT_OBJC_MSGSEND = YES;
				ENABLE_TESTABILITY = YES;
				GCC_C_LANGUAGE_STANDARD = gnu11;
				GCC_DYNAMIC_NO_PIC = NO;
				GCC_NO_COMMON_BLOCKS = YES;
				GCC_OPTIMIZATION_LEVEL = 0;
				GCC_PREPROCESSOR_DEFINITIONS = (
					"DEBUG=1",
					"$(inherited)",
				);
				GCC_WARN_64_TO_32_BIT_CONVERSION = YES;
				GCC_WARN_ABOUT_RETURN_TYPE = YES_ERROR;
				GCC_WARN_UNDECLARED_SELECTOR = YES;
				GCC_WARN_UNINITIALIZED_AUTOS = YES_AGGRESSIVE;
				GCC_WARN_UNUSED_FUNCTION = YES;
				GCC_WARN_UNUSED_VARIABLE = YES;
				IPHONEOS_DEPLOYMENT_TARGET = 16.2;
				MTL_ENABLE_DEBUG_INFO = INCLUDE_SOURCE;
				MTL_FAST_MATH = YES;
				ONLY_ACTIVE_ARCH = YES;
				SDKROOT = iphoneos;
				SWIFT_ACTIVE_COMPILATION_CONDITIONS = DEBUG;
				SWIFT_OPTIMIZATION_LEVEL = "-Onone";
			};
			name = Debug;
		};
		30252C332B33234E00AFEE4A /* Release */ = {
			isa = XCBuildConfiguration;
			buildSettings = {
				ALWAYS_SEARCH_USER_PATHS = NO;
				CLANG_ANALYZER_NONNULL = YES;
				CLANG_ANALYZER_NUMBER_OBJECT_CONVERSION = YES_AGGRESSIVE;
				CLANG_CXX_LANGUAGE_STANDARD = "gnu++20";
				CLANG_ENABLE_MODULES = YES;
				CLANG_ENABLE_OBJC_ARC = YES;
				CLANG_ENABLE_OBJC_WEAK = YES;
				CLANG_WARN_BLOCK_CAPTURE_AUTORELEASING = YES;
				CLANG_WARN_BOOL_CONVERSION = YES;
				CLANG_WARN_COMMA = YES;
				CLANG_WARN_CONSTANT_CONVERSION = YES;
				CLANG_WARN_DEPRECATED_OBJC_IMPLEMENTATIONS = YES;
				CLANG_WARN_DIRECT_OBJC_ISA_USAGE = YES_ERROR;
				CLANG_WARN_DOCUMENTATION_COMMENTS = YES;
				CLANG_WARN_EMPTY_BODY = YES;
				CLANG_WARN_ENUM_CONVERSION = YES;
				CLANG_WARN_INFINITE_RECURSION = YES;
				CLANG_WARN_INT_CONVERSION = YES;
				CLANG_WARN_NON_LITERAL_NULL_CONVERSION = YES;
				CLANG_WARN_OBJC_IMPLICIT_RETAIN_SELF = YES;
				CLANG_WARN_OBJC_LITERAL_CONVERSION = YES;
				CLANG_WARN_OBJC_ROOT_CLASS = YES_ERROR;
				CLANG_WARN_QUOTED_INCLUDE_IN_FRAMEWORK_HEADER = YES;
				CLANG_WARN_RANGE_LOOP_ANALYSIS = YES;
				CLANG_WARN_STRICT_PROTOTYPES = YES;
				CLANG_WARN_SUSPICIOUS_MOVE = YES;
				CLANG_WARN_UNGUARDED_AVAILABILITY = YES_AGGRESSIVE;
				CLANG_WARN_UNREACHABLE_CODE = YES;
				CLANG_WARN__DUPLICATE_METHOD_MATCH = YES;
				COPY_PHASE_STRIP = NO;
				DEBUG_INFORMATION_FORMAT = "dwarf-with-dsym";
				ENABLE_NS_ASSERTIONS = NO;
				ENABLE_STRICT_OBJC_MSGSEND = YES;
				GCC_C_LANGUAGE_STANDARD = gnu11;
				GCC_NO_COMMON_BLOCKS = YES;
				GCC_WARN_64_TO_32_BIT_CONVERSION = YES;
				GCC_WARN_ABOUT_RETURN_TYPE = YES_ERROR;
				GCC_WARN_UNDECLARED_SELECTOR = YES;
				GCC_WARN_UNINITIALIZED_AUTOS = YES_AGGRESSIVE;
				GCC_WARN_UNUSED_FUNCTION = YES;
				GCC_WARN_UNUSED_VARIABLE = YES;
				IPHONEOS_DEPLOYMENT_TARGET = 16.2;
				MTL_ENABLE_DEBUG_INFO = NO;
				MTL_FAST_MATH = YES;
				SDKROOT = iphoneos;
				SWIFT_COMPILATION_MODE = wholemodule;
				SWIFT_OPTIMIZATION_LEVEL = "-O";
				VALIDATE_PRODUCT = YES;
			};
			name = Release;
		};
		30252C352B33234E00AFEE4A /* Debug */ = {
			isa = XCBuildConfiguration;
			buildSettings = {
				ASSETCATALOG_COMPILER_APPICON_NAME = AppIcon;
				ASSETCATALOG_COMPILER_GLOBAL_ACCENT_COLOR_NAME = AccentColor;
				CODE_SIGN_STYLE = Automatic;
				CURRENT_PROJECT_VERSION = 1;
				DEVELOPMENT_TEAM = 9HGU8XNFZ9;
				GENERATE_INFOPLIST_FILE = YES;
				INFOPLIST_FILE = "iosApp-project/Info.plist";
				INFOPLIST_KEY_CFBundleDisplayName = "Fitness Unity";
				INFOPLIST_KEY_UIApplicationSupportsIndirectInputEvents = YES;
				INFOPLIST_KEY_UILaunchStoryboardName = LaunchScreen.storyboard;
				INFOPLIST_KEY_UIMainStoryboardFile = Main;
				INFOPLIST_KEY_UISupportedInterfaceOrientations_iPad = "UIInterfaceOrientationPortrait UIInterfaceOrientationPortraitUpsideDown UIInterfaceOrientationLandscapeLeft UIInterfaceOrientationLandscapeRight";
				INFOPLIST_KEY_UISupportedInterfaceOrientations_iPhone = "UIInterfaceOrientationPortrait UIInterfaceOrientationLandscapeLeft UIInterfaceOrientationLandscapeRight";
				LD_RUNPATH_SEARCH_PATHS = (
					"$(inherited)",
					"@executable_path/Frameworks",
				);
				MARKETING_VERSION = 1.0;
				PRODUCT_BUNDLE_IDENTIFIER = "w.iosApp-project";
				PRODUCT_NAME = "$(TARGET_NAME)";
				SWIFT_EMIT_LOC_STRINGS = YES;
				SWIFT_VERSION = 5.0;
				TARGETED_DEVICE_FAMILY = "1,2";
			};
			name = Debug;
		};
		30252C362B33234E00AFEE4A /* Release */ = {
			isa = XCBuildConfiguration;
			buildSettings = {
				ASSETCATALOG_COMPILER_APPICON_NAME = AppIcon;
				ASSETCATALOG_COMPILER_GLOBAL_ACCENT_COLOR_NAME = AccentColor;
				CODE_SIGN_STYLE = Automatic;
				CURRENT_PROJECT_VERSION = 1;
				DEVELOPMENT_TEAM = 9HGU8XNFZ9;
				GENERATE_INFOPLIST_FILE = YES;
				INFOPLIST_FILE = "iosApp-project/Info.plist";
				INFOPLIST_KEY_CFBundleDisplayName = "Fitness Unity";
				INFOPLIST_KEY_UIApplicationSupportsIndirectInputEvents = YES;
				INFOPLIST_KEY_UILaunchStoryboardName = LaunchScreen.storyboard;
				INFOPLIST_KEY_UIMainStoryboardFile = Main;
				INFOPLIST_KEY_UISupportedInterfaceOrientations_iPad = "UIInterfaceOrientationPortrait UIInterfaceOrientationPortraitUpsideDown UIInterfaceOrientationLandscapeLeft UIInterfaceOrientationLandscapeRight";
				INFOPLIST_KEY_UISupportedInterfaceOrientations_iPhone = "UIInterfaceOrientationPortrait UIInterfaceOrientationLandscapeLeft UIInterfaceOrientationLandscapeRight";
				LD_RUNPATH_SEARCH_PATHS = (
					"$(inherited)",
					"@executable_path/Frameworks",
				);
				MARKETING_VERSION = 1.0;
				PRODUCT_BUNDLE_IDENTIFIER = "w.iosApp-project";
				PRODUCT_NAME = "$(TARGET_NAME)";
				SWIFT_EMIT_LOC_STRINGS = YES;
				SWIFT_VERSION = 5.0;
				TARGETED_DEVICE_FAMILY = "1,2";
			};
			name = Release;
		};
/* End XCBuildConfiguration section */

/* Begin XCConfigurationList section */
		30252C1B2B33234D00AFEE4A /* Build configuration list for PBXProject "iosApp-project" */ = {
			isa = XCConfigurationList;
			buildConfigurations = (
				30252C322B33234E00AFEE4A /* Debug */,
				30252C332B33234E00AFEE4A /* Release */,
			);
			defaultConfigurationIsVisible = 0;
			defaultConfigurationName = Release;
		};
		30252C342B33234E00AFEE4A /* Build configuration list for PBXNativeTarget "iosApp-project" */ = {
			isa = XCConfigurationList;
			buildConfigurations = (
				30252C352B33234E00AFEE4A /* Debug */,
				30252C362B33234E00AFEE4A /* Release */,
			);
			defaultConfigurationIsVisible = 0;
			defaultConfigurationName = Release;
		};
/* End XCConfigurationList section */
	};
	rootObject = 30252C182B33234D00AFEE4A /* Project object */;
}
